
Microsoft Visual Studio Solution File, Format Version 12.00
# Visual Studio Version 17
VisualStudioVersion = 17.9.34701.34
MinimumVisualStudioVersion = 10.0.40219.1
Project("{FAE04EC0-301F-11D3-BF4B-00C04F79EFBC}") = "Astromemo", "Astromemo\Astromemo.csproj", "{FEC7ECD1-D5F3-4C54-A02F-04823F85A962}"
EndProject
Global
	GlobalSection(SolutionConfigurationPlatforms) = preSolution
		Debug|Any CPU = Debug|Any CPU
		Release|Any CPU = Release|Any CPU
	EndGlobalSection
	GlobalSection(ProjectConfigurationPlatforms) = postSolution
		{FEC7ECD1-D5F3-4C54-A02F-04823F85A962}.Debug|Any CPU.ActiveCfg = Debug|Any CPU
		{FEC7ECD1-D5F3-4C54-A02F-04823F85A962}.Debug|Any CPU.Build.0 = Debug|Any CPU
		{FEC7ECD1-D5F3-4C54-A02F-04823F85A962}.Release|Any CPU.ActiveCfg = Release|Any CPU
		{FEC7ECD1-D5F3-4C54-A02F-04823F85A962}.Release|Any CPU.Build.0 = Release|Any CPU
	EndGlobalSection
	GlobalSection(SolutionProperties) = preSolution
		HideSolutionNode = FALSE
	EndGlobalSection
	GlobalSection(ExtensibilityGlobals) = postSolution
		SolutionGuid = {CA3DCDB7-E5E9-45DA-8611-5A54B686D368}
	EndGlobalSection
EndGlobal
